<?xml version="1.0" encoding="utf-8"?>
<Project ToolsVersion="4.0" xmlns="http://schemas.microsoft.com/developer/msbuild/2003">
  <ItemGroup>
    <Filter Include="Source Files">
      <UniqueIdentifier>{4FC737F1-C7A5-4376-A066-2A32D752A2FF}</UniqueIdentifier>
      <Extensions>cpp;c;cc;cxx;c++;cppm;ixx;def;odl;idl;hpj;bat;asm;asmx</Extensions>
    </Filter>
    <Filter Include="Header Files">
      <UniqueIdentifier>{93995380-89BD-4b04-88EB-625FBE52EBFB}</UniqueIdentifier>
      <Extensions>h;hh;hpp;hxx;h++;hm;inl;inc;ipp;xsd</Extensions>
    </Filter>
    <Filter Include="Resource Files">
      <UniqueIdentifier>{67DA6AB6-F800-4c08-8B7A-83BB121AAD01}</UniqueIdentifier>
      <Extensions>rc;ico;cur;bmp;dlg;rc2;rct;bin;rgs;gif;jpg;jpeg;jpe;resx;tiff;tif;png;wav;mfcribbon-ms</Extensions>
    </Filter>
  </ItemGroup>
  <ItemGroup>
    <ClCompile Include="src\main.cpp">
      <Filter>Source Files</Filter>
    </ClCompile>
    <ClCompile Include="src\Tokens\ScaleRule.cpp">
      <Filter>Source Files</Filter>
    </ClCompile>
    <ClCompile Include="src\Tokens\ChordRule.cpp">
      <Filter>Source Files</Filter>
    </ClCompile>
    <ClCompile Include="src\Listeners\Listener.cpp">
      <Filter>Source Files</Filter>
    </ClCompile>
    <ClCompile Include="src\Grammar\SheetMusicBaseListener.cpp">
      <Filter>Source Files</Filter>
    </ClCompile>
    <ClCompile Include="src\Grammar\SheetMusicLexer.cpp">
      <Filter>Source Files</Filter>
    </ClCompile>
    <ClCompile Include="src\Grammar\SheetMusicListener.cpp">
      <Filter>Source Files</Filter>
    </ClCompile>
    <ClCompile Include="src\Grammar\SheetMusicParser.cpp">
      <Filter>Source Files</Filter>
    </ClCompile>
    <ClCompile Include="src\Musical Structures\Scales\ScaleDatabase.cpp">
      <Filter>Source Files</Filter>
    </ClCompile>
    <ClCompile Include="src\Musical Structures\Note\Note.cpp">
      <Filter>Source Files</Filter>
    </ClCompile>
    <ClCompile Include="src\Musical Structures\TransitionTable.cpp">
      <Filter>Source Files</Filter>
    </ClCompile>
    <ClCompile Include="src\Musical Structures\Note\Degree.cpp">
      <Filter>Source Files</Filter>
    </ClCompile>
    <ClCompile Include="src\Musical Structures\Note\Accidental.cpp">
      <Filter>Source Files</Filter>
    </ClCompile>
    <ClCompile Include="src\Timers\DeltaTime.cpp">
      <Filter>Source Files</Filter>
    </ClCompile>
    <ClCompile Include="src\Musical Structures\KeySig\KeySig.cpp">
      <Filter>Source Files</Filter>
    </ClCompile>
    <ClCompile Include="src\Evaluators\Evaluator.cpp">
      <Filter>Source Files</Filter>
    </ClCompile>
  </ItemGroup>
  <ItemGroup>
    <ClInclude Include="src\Listeners\Listener.h">
      <Filter>Header Files</Filter>
    </ClInclude>
    <ClInclude Include="src\Tokens\ChordRule.h">
      <Filter>Header Files</Filter>
    </ClInclude>
    <ClInclude Include="src\Tokens\ScaleRule.h">
      <Filter>Header Files</Filter>
    </ClInclude>
    <ClInclude Include="src\Musical Structures\Note\Note.h">
      <Filter>Header Files</Filter>
    </ClInclude>
    <ClInclude Include="src\Musical Structures\Scales\ScaleInfo.h">
      <Filter>Header Files</Filter>
    </ClInclude>
    <ClInclude Include="src\Musical Structures\TransitionTable.h">
      <Filter>Header Files</Filter>
    </ClInclude>
    <ClInclude Include="src\Grammar\SheetMusicBaseListener.h">
      <Filter>Header Files</Filter>
    </ClInclude>
    <ClInclude Include="src\Grammar\SheetMusicLexer.h">
      <Filter>Header Files</Filter>
    </ClInclude>
    <ClInclude Include="src\Grammar\SheetMusicListener.h">
      <Filter>Header Files</Filter>
    </ClInclude>
    <ClInclude Include="src\Grammar\SheetMusicParser.h">
      <Filter>Header Files</Filter>
    </ClInclude>
    <ClInclude Include="src\Musical Structures\Scales\ScaleDatabase.h">
      <Filter>Header Files</Filter>
    </ClInclude>
    <ClInclude Include="src\Musical Structures\Section.h">
      <Filter>Header Files</Filter>
    </ClInclude>
    <ClInclude Include="src\Musical Structures\Chord\Symbol.h">
      <Filter>Header Files</Filter>
    </ClInclude>
    <ClInclude Include="src\Musical Structures\Chord\Chord.h">
      <Filter>Header Files</Filter>
    </ClInclude>
    <ClInclude Include="src\Musical Structures\Chord\Addition.h">
      <Filter>Header Files</Filter>
    </ClInclude>
    <ClInclude Include="src\Musical Structures\Note\Degree.h">
      <Filter>Header Files</Filter>
    </ClInclude>
    <ClInclude Include="src\Musical Structures\Note\Accidental.h">
      <Filter>Header Files</Filter>
    </ClInclude>
    <ClInclude Include="src\Musical Structures\Note\Pitch.h">
      <Filter>Header Files</Filter>
    </ClInclude>
    <ClInclude Include="src\Timers\DeltaTime.h">
      <Filter>Header Files</Filter>
    </ClInclude>
    <ClInclude Include="src\Timers\Timer.h">
      <Filter>Header Files</Filter>
    </ClInclude>
    <ClInclude Include="src\Musical Structures\KeySig\KeySig.h">
      <Filter>Header Files</Filter>
    </ClInclude>
    <ClInclude Include="src\Evaluators\SequenceBuffer.h">
      <Filter>Header Files</Filter>
    </ClInclude>
    <ClInclude Include="src\Evaluators\Evaluator.h">
      <Filter>Header Files</Filter>
    </ClInclude>
    <ClInclude Include="src\Evaluators\NoteEvaluator.h">
      <Filter>Header Files</Filter>
    </ClInclude>
    <ClInclude Include="src\Evaluators\ChordTransitionEvaluator.h">
      <Filter>Header Files</Filter>
    </ClInclude>
    <ClInclude Include="src\Evaluators\NoteTransitionEvaluator.h">
      <Filter>Header Files</Filter>
    </ClInclude>
  </ItemGroup>
  <ItemGroup>
    <None Include="src\Grammar\SheetMusic.interp" />
    <None Include="src\Grammar\SheetMusic.tokens" />
    <None Include="src\Grammar\SheetMusicLexer.interp" />
    <None Include="src\Grammar\SheetMusicLexer.tokens" />
  </ItemGroup>
</Project>